
Microsoft Visual Studio Solution File, Format Version 12.00
# Visual Studio Version 16
VisualStudioVersion = 16.0.29230.47
MinimumVisualStudioVersion = 10.0.40219.1
Project("{FAE04EC0-301F-11D3-BF4B-00C04F79EFBC}") = "StrygevaleWeather", "StrygevaleWeather\StrygevaleWeather.csproj", "{B5E3EDFD-A32A-463C-B1F4-588D9EB5CDDD}"
EndProject
Global
	GlobalSection(SolutionConfigurationPlatforms) = preSolution
		Debug|Any CPU = Debug|Any CPU
		Release|Any CPU = Release|Any CPU
	EndGlobalSection
	GlobalSection(ProjectConfigurationPlatforms) = postSolution
		{B5E3EDFD-A32A-463C-B1F4-588D9EB5CDDD}.Debug|Any CPU.ActiveCfg = Debug|Any CPU
		{B5E3EDFD-A32A-463C-B1F4-588D9EB5CDDD}.Debug|Any CPU.Build.0 = Debug|Any CPU
		{B5E3EDFD-A32A-463C-B1F4-588D9EB5CDDD}.Release|Any CPU.ActiveCfg = Release|Any CPU
		{B5E3EDFD-A32A-463C-B1F4-588D9EB5CDDD}.Release|Any CPU.Build.0 = Release|Any CPU
	EndGlobalSection
	GlobalSection(SolutionProperties) = preSolution
		HideSolutionNode = FALSE
	EndGlobalSection
	GlobalSection(ExtensibilityGlobals) = postSolution
		SolutionGuid = {CD982BAB-E404-40C6-9457-EDFD61D6EFC2}
	EndGlobalSection
EndGlobal
